// !$*UTF8*$!
{
	archiveVersion = 1;
	classes = {
	};
	objectVersion = 46;
	objects = {

/* Begin PBXBuildFile section */
		A7310C941990CB57009BE83C /* ocr-sample-english.png in Resources */ = {isa = PBXBuildFile; fileRef = A7310C921990CB57009BE83C /* ocr-sample-english.png */; };
		A7310C951990CB57009BE83C /* ocr-sample-japanese.png in Resources */ = {isa = PBXBuildFile; fileRef = A7310C931990CB57009BE83C /* ocr-sample-japanese.png */; };
		A7310C971990CB8D009BE83C /* tessdata in Resources */ = {isa = PBXBuildFile; fileRef = A7310C961990CB8D009BE83C /* tessdata */; };
		A7310C9B1990CEA2009BE83C /* CoreImage.framework in Frameworks */ = {isa = PBXBuildFile; fileRef = A7310C9A1990CEA2009BE83C /* CoreImage.framework */; };
		A7B1F9C41990BD3100A0CC8E /* Foundation.framework in Frameworks */ = {isa = PBXBuildFile; fileRef = A7B1F9C31990BD3100A0CC8E /* Foundation.framework */; };
		A7B1F9C61990BD3100A0CC8E /* CoreGraphics.framework in Frameworks */ = {isa = PBXBuildFile; fileRef = A7B1F9C51990BD3100A0CC8E /* CoreGraphics.framework */; };
		A7B1F9C81990BD3100A0CC8E /* UIKit.framework in Frameworks */ = {isa = PBXBuildFile; fileRef = A7B1F9C71990BD3100A0CC8E /* UIKit.framework */; };
		A7B1F9CE1990BD3100A0CC8E /* InfoPlist.strings in Resources */ = {isa = PBXBuildFile; fileRef = A7B1F9CC1990BD3100A0CC8E /* InfoPlist.strings */; };
		A7B1F9D01990BD3100A0CC8E /* main.m in Sources */ = {isa = PBXBuildFile; fileRef = A7B1F9CF1990BD3100A0CC8E /* main.m */; };
		A7B1F9D41990BD3100A0CC8E /* AppDelegate.m in Sources */ = {isa = PBXBuildFile; fileRef = A7B1F9D31990BD3100A0CC8E /* AppDelegate.m */; };
		A7B1F9D71990BD3100A0CC8E /* Main.storyboard in Resources */ = {isa = PBXBuildFile; fileRef = A7B1F9D51990BD3100A0CC8E /* Main.storyboard */; };
		A7B1F9DA1990BD3100A0CC8E /* ViewController.m in Sources */ = {isa = PBXBuildFile; fileRef = A7B1F9D91990BD3100A0CC8E /* ViewController.m */; };
		A7B1F9DC1990BD3100A0CC8E /* Images.xcassets in Resources */ = {isa = PBXBuildFile; fileRef = A7B1F9DB1990BD3100A0CC8E /* Images.xcassets */; };
		A7B1F9E31990BD3100A0CC8E /* XCTest.framework in Frameworks */ = {isa = PBXBuildFile; fileRef = A7B1F9E21990BD3100A0CC8E /* XCTest.framework */; };
		A7B1F9E41990BD3100A0CC8E /* Foundation.framework in Frameworks */ = {isa = PBXBuildFile; fileRef = A7B1F9C31990BD3100A0CC8E /* Foundation.framework */; };
		A7B1F9E51990BD3100A0CC8E /* UIKit.framework in Frameworks */ = {isa = PBXBuildFile; fileRef = A7B1F9C71990BD3100A0CC8E /* UIKit.framework */; };
		A7B1F9ED1990BD3100A0CC8E /* InfoPlist.strings in Resources */ = {isa = PBXBuildFile; fileRef = A7B1F9EB1990BD3100A0CC8E /* InfoPlist.strings */; };
		A7B1F9EF1990BD3100A0CC8E /* tesseract_sampleTests.m in Sources */ = {isa = PBXBuildFile; fileRef = A7B1F9EE1990BD3100A0CC8E /* tesseract_sampleTests.m */; };
		CB273F65728A45E398E1AC4A /* libPods.a in Frameworks */ = {isa = PBXBuildFile; fileRef = 1D7D69C6C76D45F989363E1E /* libPods.a */; };
/* End PBXBuildFile section */

/* Begin PBXContainerItemProxy section */
		A7B1F9E61990BD3100A0CC8E /* PBXContainerItemProxy */ = {
			isa = PBXContainerItemProxy;
			containerPortal = A7B1F9B81990BD3100A0CC8E /* Project object */;
			proxyType = 1;
			remoteGlobalIDString = A7B1F9BF1990BD3100A0CC8E;
			remoteInfo = "tesseract-sample";
		};
/* End PBXContainerItemProxy section */

/* Begin PBXFileReference section */
		1D7D69C6C76D45F989363E1E /* libPods.a */ = {isa = PBXFileReference; explicitFileType = archive.ar; includeInIndex = 0; path = libPods.a; sourceTree = BUILT_PRODUCTS_DIR; };
		412ACC9FD82844338DC58A5F /* Pods.xcconfig */ = {isa = PBXFileReference; includeInIndex = 1; lastKnownFileType = text.xcconfig; name = Pods.xcconfig; path = Pods/Pods.xcconfig; sourceTree = "<group>"; };
		A7310C921990CB57009BE83C /* ocr-sample-english.png */ = {isa = PBXFileReference; lastKnownFileType = image.png; path = "ocr-sample-english.png"; sourceTree = "<group>"; };
		A7310C931990CB57009BE83C /* ocr-sample-japanese.png */ = {isa = PBXFileReference; lastKnownFileType = image.png; path = "ocr-sample-japanese.png"; sourceTree = "<group>"; };
		A7310C961990CB8D009BE83C /* tessdata */ = {isa = PBXFileReference; lastKnownFileType = folder; path = tessdata; sourceTree = "<group>"; };
		A7310C981990CE93009BE83C /* libstdc++.6.0.9.dylib */ = {isa = PBXFileReference; lastKnownFileType = "compiled.mach-o.dylib"; name = "libstdc++.6.0.9.dylib"; path = "usr/lib/libstdc++.6.0.9.dylib"; sourceTree = SDKROOT; };
		A7310C9A1990CEA2009BE83C /* CoreImage.framework */ = {isa = PBXFileReference; lastKnownFileType = wrapper.framework; name = CoreImage.framework; path = System/Library/Frameworks/CoreImage.framework; sourceTree = SDKROOT; };
		A7B1F9C01990BD3100A0CC8E /* tesseract-sample.app */ = {isa = PBXFileReference; explicitFileType = wrapper.application; includeInIndex = 0; path = "tesseract-sample.app"; sourceTree = BUILT_PRODUCTS_DIR; };
		A7B1F9C31990BD3100A0CC8E /* Foundation.framework */ = {isa = PBXFileReference; lastKnownFileType = wrapper.framework; name = Foundation.framework; path = System/Library/Frameworks/Foundation.framework; sourceTree = SDKROOT; };
		A7B1F9C51990BD3100A0CC8E /* CoreGraphics.framework */ = {isa = PBXFileReference; lastKnownFileType = wrapper.framework; name = CoreGraphics.framework; path = System/Library/Frameworks/CoreGraphics.framework; sourceTree = SDKROOT; };
		A7B1F9C71990BD3100A0CC8E /* UIKit.framework */ = {isa = PBXFileReference; lastKnownFileType = wrapper.framework; name = UIKit.framework; path = System/Library/Frameworks/UIKit.framework; sourceTree = SDKROOT; };
		A7B1F9CB1990BD3100A0CC8E /* tesseract-sample-Info.plist */ = {isa = PBXFileReference; lastKnownFileType = text.plist.xml; path = "tesseract-sample-Info.plist"; sourceTree = "<group>"; };
		A7B1F9CD1990BD3100A0CC8E /* en */ = {isa = PBXFileReference; lastKnownFileType = text.plist.strings; name = en; path = en.lproj/InfoPlist.strings; sourceTree = "<group>"; };
		A7B1F9CF1990BD3100A0CC8E /* main.m */ = {isa = PBXFileReference; lastKnownFileType = sourcecode.c.objc; path = main.m; sourceTree = "<group>"; };
		A7B1F9D11990BD3100A0CC8E /* tesseract-sample-Prefix.pch */ = {isa = PBXFileReference; lastKnownFileType = sourcecode.c.h; path = "tesseract-sample-Prefix.pch"; sourceTree = "<group>"; };
		A7B1F9D21990BD3100A0CC8E /* AppDelegate.h */ = {isa = PBXFileReference; lastKnownFileType = sourcecode.c.h; path = AppDelegate.h; sourceTree = "<group>"; };
		A7B1F9D31990BD3100A0CC8E /* AppDelegate.m */ = {isa = PBXFileReference; lastKnownFileType = sourcecode.c.objc; path = AppDelegate.m; sourceTree = "<group>"; };
		A7B1F9D61990BD3100A0CC8E /* Base */ = {isa = PBXFileReference; lastKnownFileType = file.storyboard; name = Base; path = Base.lproj/Main.storyboard; sourceTree = "<group>"; };
		A7B1F9D81990BD3100A0CC8E /* ViewController.h */ = {isa = PBXFileReference; lastKnownFileType = sourcecode.c.h; path = ViewController.h; sourceTree = "<group>"; };
		A7B1F9D91990BD3100A0CC8E /* ViewController.m */ = {isa = PBXFileReference; lastKnownFileType = sourcecode.c.objc; path = ViewController.m; sourceTree = "<group>"; };
		A7B1F9DB1990BD3100A0CC8E /* Images.xcassets */ = {isa = PBXFileReference; lastKnownFileType = folder.assetcatalog; path = Images.xcassets; sourceTree = "<group>"; };
		A7B1F9E11990BD3100A0CC8E /* tesseract-sampleTests.xctest */ = {isa = PBXFileReference; explicitFileType = wrapper.cfbundle; includeInIndex = 0; path = "tesseract-sampleTests.xctest"; sourceTree = BUILT_PRODUCTS_DIR; };
		A7B1F9E21990BD3100A0CC8E /* XCTest.framework */ = {isa = PBXFileReference; lastKnownFileType = wrapper.framework; name = XCTest.framework; path = Library/Frameworks/XCTest.framework; sourceTree = DEVELOPER_DIR; };
		A7B1F9EA1990BD3100A0CC8E /* tesseract-sampleTests-Info.plist */ = {isa = PBXFileReference; lastKnownFileType = text.plist.xml; path = "tesseract-sampleTests-Info.plist"; sourceTree = "<group>"; };
		A7B1F9EC1990BD3100A0CC8E /* en */ = {isa = PBXFileReference; lastKnownFileType = text.plist.strings; name = en; path = en.lproj/InfoPlist.strings; sourceTree = "<group>"; };
		A7B1F9EE1990BD3100A0CC8E /* tesseract_sampleTests.m */ = {isa = PBXFileReference; lastKnownFileType = sourcecode.c.objc; path = tesseract_sampleTests.m; sourceTree = "<group>"; };
/* End PBXFileReference section */

/* Begin PBXFrameworksBuildPhase section */
		A7B1F9BD1990BD3100A0CC8E /* Frameworks */ = {
			isa = PBXFrameworksBuildPhase;
			buildActionMask = 2147483647;
			files = (
				A7310C9B1990CEA2009BE83C /* CoreImage.framework in Frameworks */,
				A7B1F9C61990BD3100A0CC8E /* CoreGraphics.framework in Frameworks */,
				A7B1F9C81990BD3100A0CC8E /* UIKit.framework in Frameworks */,
				A7B1F9C41990BD3100A0CC8E /* Foundation.framework in Frameworks */,
				CB273F65728A45E398E1AC4A /* libPods.a in Frameworks */,
			);
			runOnlyForDeploymentPostprocessing = 0;
		};
		A7B1F9DE1990BD3100A0CC8E /* Frameworks */ = {
			isa = PBXFrameworksBuildPhase;
			buildActionMask = 2147483647;
			files = (
				A7B1F9E31990BD3100A0CC8E /* XCTest.framework in Frameworks */,
				A7B1F9E51990BD3100A0CC8E /* UIKit.framework in Frameworks */,
				A7B1F9E41990BD3100A0CC8E /* Foundation.framework in Frameworks */,
			);
			runOnlyForDeploymentPostprocessing = 0;
		};
/* End PBXFrameworksBuildPhase section */

/* Begin PBXGroup section */
		A7B1F9B71990BD3100A0CC8E = {
			isa = PBXGroup;
			children = (
				A7B1F9C91990BD3100A0CC8E /* tesseract-sample */,
				A7B1F9E81990BD3100A0CC8E /* tesseract-sampleTests */,
				A7B1F9C21990BD3100A0CC8E /* Frameworks */,
				A7B1F9C11990BD3100A0CC8E /* Products */,
				412ACC9FD82844338DC58A5F /* Pods.xcconfig */,
			);
			sourceTree = "<group>";
		};
		A7B1F9C11990BD3100A0CC8E /* Products */ = {
			isa = PBXGroup;
			children = (
				A7B1F9C01990BD3100A0CC8E /* tesseract-sample.app */,
				A7B1F9E11990BD3100A0CC8E /* tesseract-sampleTests.xctest */,
			);
			name = Products;
			sourceTree = "<group>";
		};
		A7B1F9C21990BD3100A0CC8E /* Frameworks */ = {
			isa = PBXGroup;
			children = (
				A7310C9A1990CEA2009BE83C /* CoreImage.framework */,
				A7310C981990CE93009BE83C /* libstdc++.6.0.9.dylib */,
				A7B1F9C31990BD3100A0CC8E /* Foundation.framework */,
				A7B1F9C51990BD3100A0CC8E /* CoreGraphics.framework */,
				A7B1F9C71990BD3100A0CC8E /* UIKit.framework */,
				A7B1F9E21990BD3100A0CC8E /* XCTest.framework */,
				1D7D69C6C76D45F989363E1E /* libPods.a */,
			);
			name = Frameworks;
			sourceTree = "<group>";
		};
		A7B1F9C91990BD3100A0CC8E /* tesseract-sample */ = {
			isa = PBXGroup;
			children = (
				A7B1F9D21990BD3100A0CC8E /* AppDelegate.h */,
				A7B1F9D31990BD3100A0CC8E /* AppDelegate.m */,
				A7B1F9D51990BD3100A0CC8E /* Main.storyboard */,
				A7B1F9D81990BD3100A0CC8E /* ViewController.h */,
				A7B1F9D91990BD3100A0CC8E /* ViewController.m */,
				A7B1F9DB1990BD3100A0CC8E /* Images.xcassets */,
				A7310C961990CB8D009BE83C /* tessdata */,
				A7B1F9CA1990BD3100A0CC8E /* Supporting Files */,
			);
			path = "tesseract-sample";
			sourceTree = "<group>";
		};
		A7B1F9CA1990BD3100A0CC8E /* Supporting Files */ = {
			isa = PBXGroup;
			children = (
				A7B1F9CB1990BD3100A0CC8E /* tesseract-sample-Info.plist */,
				A7B1F9CC1990BD3100A0CC8E /* InfoPlist.strings */,
				A7B1F9CF1990BD3100A0CC8E /* main.m */,
				A7B1F9D11990BD3100A0CC8E /* tesseract-sample-Prefix.pch */,
				A7310C921990CB57009BE83C /* ocr-sample-english.png */,
				A7310C931990CB57009BE83C /* ocr-sample-japanese.png */,
			);
			name = "Supporting Files";
			sourceTree = "<group>";
		};
		A7B1F9E81990BD3100A0CC8E /* tesseract-sampleTests */ = {
			isa = PBXGroup;
			children = (
				A7B1F9EE1990BD3100A0CC8E /* tesseract_sampleTests.m */,
				A7B1F9E91990BD3100A0CC8E /* Supporting Files */,
			);
			path = "tesseract-sampleTests";
			sourceTree = "<group>";
		};
		A7B1F9E91990BD3100A0CC8E /* Supporting Files */ = {
			isa = PBXGroup;
			children = (
				A7B1F9EA1990BD3100A0CC8E /* tesseract-sampleTests-Info.plist */,
				A7B1F9EB1990BD3100A0CC8E /* InfoPlist.strings */,
			);
			name = "Supporting Files";
			sourceTree = "<group>";
		};
/* End PBXGroup section */

/* Begin PBXNativeTarget section */
		A7B1F9BF1990BD3100A0CC8E /* tesseract-sample */ = {
			isa = PBXNativeTarget;
			buildConfigurationList = A7B1F9F21990BD3200A0CC8E /* Build configuration list for PBXNativeTarget "tesseract-sample" */;
			buildPhases = (
				D8AACF8E1B2E4BB28650C605 /* Check Pods Manifest.lock */,
				A7B1F9BC1990BD3100A0CC8E /* Sources */,
				A7B1F9BD1990BD3100A0CC8E /* Frameworks */,
				A7B1F9BE1990BD3100A0CC8E /* Resources */,
				83424136C816495B84B83EEE /* Copy Pods Resources */,
			);
			buildRules = (
			);
			dependencies = (
			);
			name = "tesseract-sample";
			productName = "tesseract-sample";
			productReference = A7B1F9C01990BD3100A0CC8E /* tesseract-sample.app */;
			productType = "com.apple.product-type.application";
		};
		A7B1F9E01990BD3100A0CC8E /* tesseract-sampleTests */ = {
			isa = PBXNativeTarget;
			buildConfigurationList = A7B1F9F51990BD3200A0CC8E /* Build configuration list for PBXNativeTarget "tesseract-sampleTests" */;
			buildPhases = (
				A7B1F9DD1990BD3100A0CC8E /* Sources */,
				A7B1F9DE1990BD3100A0CC8E /* Frameworks */,
				A7B1F9DF1990BD3100A0CC8E /* Resources */,
			);
			buildRules = (
			);
			dependencies = (
				A7B1F9E71990BD3100A0CC8E /* PBXTargetDependency */,
			);
			name = "tesseract-sampleTests";
			productName = "tesseract-sampleTests";
			productReference = A7B1F9E11990BD3100A0CC8E /* tesseract-sampleTests.xctest */;
			productType = "com.apple.product-type.bundle.unit-test";
		};
/* End PBXNativeTarget section */

/* Begin PBXProject section */
		A7B1F9B81990BD3100A0CC8E /* Project object */ = {
			isa = PBXProject;
			attributes = {
				LastUpgradeCheck = 0510;
				ORGANIZATIONNAME = ITI;
				TargetAttributes = {
					A7B1F9E01990BD3100A0CC8E = {
						TestTargetID = A7B1F9BF1990BD3100A0CC8E;
					};
				};
			};
			buildConfigurationList = A7B1F9BB1990BD3100A0CC8E /* Build configuration list for PBXProject "tesseract-sample" */;
			compatibilityVersion = "Xcode 3.2";
			developmentRegion = English;
			hasScannedForEncodings = 0;
			knownRegions = (
				en,
				Base,
			);
			mainGroup = A7B1F9B71990BD3100A0CC8E;
			productRefGroup = A7B1F9C11990BD3100A0CC8E /* Products */;
			projectDirPath = "";
			projectRoot = "";
			targets = (
				A7B1F9BF1990BD3100A0CC8E /* tesseract-sample */,
				A7B1F9E01990BD3100A0CC8E /* tesseract-sampleTests */,
			);
		};
/* End PBXProject section */

/* Begin PBXResourcesBuildPhase section */
		A7B1F9BE1990BD3100A0CC8E /* Resources */ = {
			isa = PBXResourcesBuildPhase;
			buildActionMask = 2147483647;
			files = (
				A7B1F9DC1990BD3100A0CC8E /* Images.xcassets in Resources */,
				A7B1F9CE1990BD3100A0CC8E /* InfoPlist.strings in Resources */,
				A7310C951990CB57009BE83C /* ocr-sample-japanese.png in Resources */,
				A7B1F9D71990BD3100A0CC8E /* Main.storyboard in Resources */,
				A7310C941990CB57009BE83C /* ocr-sample-english.png in Resources */,
				A7310C971990CB8D009BE83C /* tessdata in Resources */,
			);
			runOnlyForDeploymentPostprocessing = 0;
		};
		A7B1F9DF1990BD3100A0CC8E /* Resources */ = {
			isa = PBXResourcesBuildPhase;
			buildActionMask = 2147483647;
			files = (
				A7B1F9ED1990BD3100A0CC8E /* InfoPlist.strings in Resources */,
			);
			runOnlyForDeploymentPostprocessing = 0;
		};
/* End PBXResourcesBuildPhase section */

/* Begin PBXShellScriptBuildPhase section */
		83424136C816495B84B83EEE /* Copy Pods Resources */ = {
			isa = PBXShellScriptBuildPhase;
			buildActionMask = 2147483647;
			files = (
			);
			inputPaths = (
			);
			name = "Copy Pods Resources";
			outputPaths = (
			);
			runOnlyForDeploymentPostprocessing = 0;
			shellPath = /bin/sh;
			shellScript = "\"${SRCROOT}/Pods/Pods-resources.sh\"\n";
			showEnvVarsInLog = 0;
		};
		D8AACF8E1B2E4BB28650C605 /* Check Pods Manifest.lock */ = {
			isa = PBXShellScriptBuildPhase;
			buildActionMask = 2147483647;
			files = (
			);
			inputPaths = (
			);
			name = "Check Pods Manifest.lock";
			outputPaths = (
			);
			runOnlyForDeploymentPostprocessing = 0;
			shellPath = /bin/sh;
			shellScript = "diff \"${PODS_ROOT}/../Podfile.lock\" \"${PODS_ROOT}/Manifest.lock\" > /dev/null\nif [[ $? != 0 ]] ; then\n    cat << EOM\nerror: The sandbox is not in sync with the Podfile.lock. Run 'pod install' or update your CocoaPods installation.\nEOM\n    exit 1\nfi\n";
			showEnvVarsInLog = 0;
		};
/* End PBXShellScriptBuildPhase section */

/* Begin PBXSourcesBuildPhase section */
		A7B1F9BC1990BD3100A0CC8E /* Sources */ = {
			isa = PBXSourcesBuildPhase;
			buildActionMask = 2147483647;
			files = (
				A7B1F9DA1990BD3100A0CC8E /* ViewController.m in Sources */,
				A7B1F9D41990BD3100A0CC8E /* AppDelegate.m in Sources */,
				A7B1F9D01990BD3100A0CC8E /* main.m in Sources */,
			);
			runOnlyForDeploymentPostprocessing = 0;
		};
		A7B1F9DD1990BD3100A0CC8E /* Sources */ = {
			isa = PBXSourcesBuildPhase;
			buildActionMask = 2147483647;
			files = (
				A7B1F9EF1990BD3100A0CC8E /* tesseract_sampleTests.m in Sources */,
			);
			runOnlyForDeploymentPostprocessing = 0;
		};
/* End PBXSourcesBuildPhase section */

/* Begin PBXTargetDependency section */
		A7B1F9E71990BD3100A0CC8E /* PBXTargetDependency */ = {
			isa = PBXTargetDependency;
			target = A7B1F9BF1990BD3100A0CC8E /* tesseract-sample */;
			targetProxy = A7B1F9E61990BD3100A0CC8E /* PBXContainerItemProxy */;
		};
/* End PBXTargetDependency section */

/* Begin PBXVariantGroup section */
		A7B1F9CC1990BD3100A0CC8E /* InfoPlist.strings */ = {
			isa = PBXVariantGroup;
			children = (
				A7B1F9CD1990BD3100A0CC8E /* en */,
			);
			name = InfoPlist.strings;
			sourceTree = "<group>";
		};
		A7B1F9D51990BD3100A0CC8E /* Main.storyboard */ = {
			isa = PBXVariantGroup;
			children = (
				A7B1F9D61990BD3100A0CC8E /* Base */,
			);
			name = Main.storyboard;
			sourceTree = "<group>";
		};
		A7B1F9EB1990BD3100A0CC8E /* InfoPlist.strings */ = {
			isa = PBXVariantGroup;
			children = (
				A7B1F9EC1990BD3100A0CC8E /* en */,
			);
			name = InfoPlist.strings;
			sourceTree = "<group>";
		};
/* End PBXVariantGroup section */

/* Begin XCBuildConfiguration section */
		A7B1F9F01990BD3200A0CC8E /* Debug */ = {
			isa = XCBuildConfiguration;
			buildSettings = {
				ALWAYS_SEARCH_USER_PATHS = NO;
				CLANG_CXX_LANGUAGE_STANDARD = "gnu++0x";
				CLANG_CXX_LIBRARY = "libc++";
				CLANG_ENABLE_MODULES = YES;
				CLANG_ENABLE_OBJC_ARC = YES;
				CLANG_WARN_BOOL_CONVERSION = YES;
				CLANG_WARN_CONSTANT_CONVERSION = YES;
				CLANG_WARN_DIRECT_OBJC_ISA_USAGE = YES_ERROR;
				CLANG_WARN_EMPTY_BODY = YES;
				CLANG_WARN_ENUM_CONVERSION = YES;
				CLANG_WARN_INT_CONVERSION = YES;
				CLANG_WARN_OBJC_ROOT_CLASS = YES_ERROR;
				CLANG_WARN__DUPLICATE_METHOD_MATCH = YES;
				"CODE_SIGN_IDENTITY[sdk=iphoneos*]" = "iPhone Developer";
				COPY_PHASE_STRIP = NO;
				GCC_C_LANGUAGE_STANDARD = gnu99;
				GCC_DYNAMIC_NO_PIC = NO;
				GCC_OPTIMIZATION_LEVEL = 0;
				GCC_PREPROCESSOR_DEFINITIONS = (
					"DEBUG=1",
					"$(inherited)",
				);
				GCC_SYMBOLS_PRIVATE_EXTERN = NO;
				GCC_WARN_64_TO_32_BIT_CONVERSION = YES;
				GCC_WARN_ABOUT_RETURN_TYPE = YES_ERROR;
				GCC_WARN_UNDECLARED_SELECTOR = YES;
				GCC_WARN_UNINITIALIZED_AUTOS = YES_AGGRESSIVE;
				GCC_WARN_UNUSED_FUNCTION = YES;
				GCC_WARN_UNUSED_VARIABLE = YES;
				IPHONEOS_DEPLOYMENT_TARGET = 7.1;
				ONLY_ACTIVE_ARCH = YES;
				SDKROOT = iphoneos;
				TARGETED_DEVICE_FAMILY = 2;
			};
			name = Debug;
		};
		A7B1F9F11990BD3200A0CC8E /* Release */ = {
			isa = XCBuildConfiguration;
			buildSettings = {
				ALWAYS_SEARCH_USER_PATHS = NO;
				CLANG_CXX_LANGUAGE_STANDARD = "gnu++0x";
				CLANG_CXX_LIBRARY = "libc++";
				CLANG_ENABLE_MODULES = YES;
				CLANG_ENABLE_OBJC_ARC = YES;
				CLANG_WARN_BOOL_CONVERSION = YES;
				CLANG_WARN_CONSTANT_CONVERSION = YES;
				CLANG_WARN_DIRECT_OBJC_ISA_USAGE = YES_ERROR;
				CLANG_WARN_EMPTY_BODY = YES;
				CLANG_WARN_ENUM_CONVERSION = YES;
				CLANG_WARN_INT_CONVERSION = YES;
				CLANG_WARN_OBJC_ROOT_CLASS = YES_ERROR;
				CLANG_WARN__DUPLICATE_METHOD_MATCH = YES;
				"CODE_SIGN_IDENTITY[sdk=iphoneos*]" = "iPhone Developer";
				COPY_PHASE_STRIP = YES;
				ENABLE_NS_ASSERTIONS = NO;
				GCC_C_LANGUAGE_STANDARD = gnu99;
				GCC_WARN_64_TO_32_BIT_CONVERSION = YES;
				GCC_WARN_ABOUT_RETURN_TYPE = YES_ERROR;
				GCC_WARN_UNDECLARED_SELECTOR = YES;
				GCC_WARN_UNINITIALIZED_AUTOS = YES_AGGRESSIVE;
				GCC_WARN_UNUSED_FUNCTION = YES;
				GCC_WARN_UNUSED_VARIABLE = YES;
				IPHONEOS_DEPLOYMENT_TARGET = 7.1;
				SDKROOT = iphoneos;
				TARGETED_DEVICE_FAMILY = 2;
				VALIDATE_PRODUCT = YES;
			};
			name = Release;
		};
		A7B1F9F31990BD3200A0CC8E /* Debug */ = {
			isa = XCBuildConfiguration;
			baseConfigurationReference = 412ACC9FD82844338DC58A5F /* Pods.xcconfig */;
			buildSettings = {
				ASSETCATALOG_COMPILER_APPICON_NAME = AppIcon;
				ASSETCATALOG_COMPILER_LAUNCHIMAGE_NAME = LaunchImage;
				GCC_PRECOMPILE_PREFIX_HEADER = YES;
				GCC_PREFIX_HEADER = "tesseract-sample/tesseract-sample-Prefix.pch";
				INFOPLIST_FILE = "tesseract-sample/tesseract-sample-Info.plist";
				PRODUCT_NAME = "$(TARGET_NAME)";
				WRAPPER_EXTENSION = app;
			};
			name = Debug;
		};
		A7B1F9F41990BD3200A0CC8E /* Release */ = {
			isa = XCBuildConfiguration;
			baseConfigurationReference = 412ACC9FD82844338DC58A5F /* Pods.xcconfig */;
			buildSettings = {
				ASSETCATALOG_COMPILER_APPICON_NAME = AppIcon;
				ASSETCATALOG_COMPILER_LAUNCHIMAGE_NAME = LaunchImage;
				GCC_PRECOMPILE_PREFIX_HEADER = YES;
				GCC_PREFIX_HEADER = "tesseract-sample/tesseract-sample-Prefix.pch";
				INFOPLIST_FILE = "tesseract-sample/tesseract-sample-Info.plist";
				PRODUCT_NAME = "$(TARGET_NAME)";
				WRAPPER_EXTENSION = app;
			};
			name = Release;
		};
		A7B1F9F61990BD3200A0CC8E /* Debug */ = {
			isa = XCBuildConfiguration;
			buildSettings = {
				BUNDLE_LOADER = "$(BUILT_PRODUCTS_DIR)/tesseract-sample.app/tesseract-sample";
				FRAMEWORK_SEARCH_PATHS = (
					"$(SDKROOT)/Developer/Library/Frameworks",
					"$(inherited)",
					"$(DEVELOPER_FRAMEWORKS_DIR)",
				);
				GCC_PRECOMPILE_PREFIX_HEADER = YES;
				GCC_PREFIX_HEADER = "tesseract-sample/tesseract-sample-Prefix.pch";
				GCC_PREPROCESSOR_DEFINITIONS = (
					"DEBUG=1",
					"$(inherited)",
				);
				INFOPLIST_FILE = "tesseract-sampleTests/tesseract-sampleTests-Info.plist";
				PRODUCT_NAME = "$(TARGET_NAME)";
				TEST_HOST = "$(BUNDLE_LOADER)";
				WRAPPER_EXTENSION = xctest;
			};
			name = Debug;
		};
		A7B1F9F71990BD3200A0CC8E /* Release */ = {
			isa = XCBuildConfiguration;
			buildSettings = {
				BUNDLE_LOADER = "$(BUILT_PRODUCTS_DIR)/tesseract-sample.app/tesseract-sample";
				FRAMEWORK_SEARCH_PATHS = (
					"$(SDKROOT)/Developer/Library/Frameworks",
					"$(inherited)",
					"$(DEVELOPER_FRAMEWORKS_DIR)",
				);
				GCC_PRECOMPILE_PREFIX_HEADER = YES;
				GCC_PREFIX_HEADER = "tesseract-sample/tesseract-sample-Prefix.pch";
				INFOPLIST_FILE = "tesseract-sampleTests/tesseract-sampleTests-Info.plist";
				PRODUCT_NAME = "$(TARGET_NAME)";
				TEST_HOST = "$(BUNDLE_LOADER)";
				WRAPPER_EXTENSION = xctest;
			};
			name = Release;
		};
/* End XCBuildConfiguration section */

/* Begin XCConfigurationList section */
		A7B1F9BB1990BD3100A0CC8E /* Build configuration list for PBXProject "tesseract-sample" */ = {
			isa = XCConfigurationList;
			buildConfigurations = (
				A7B1F9F01990BD3200A0CC8E /* Debug */,
				A7B1F9F11990BD3200A0CC8E /* Release */,
			);
			defaultConfigurationIsVisible = 0;
			defaultConfigurationName = Release;
		};
		A7B1F9F21990BD3200A0CC8E /* Build configuration list for PBXNativeTarget "tesseract-sample" */ = {
			isa = XCConfigurationList;
			buildConfigurations = (
				A7B1F9F31990BD3200A0CC8E /* Debug */,
				A7B1F9F41990BD3200A0CC8E /* Release */,
			);
			defaultConfigurationIsVisible = 0;
			defaultConfigurationName = Release;
		};
		A7B1F9F51990BD3200A0CC8E /* Build configuration list for PBXNativeTarget "tesseract-sampleTests" */ = {
			isa = XCConfigurationList;
			buildConfigurations = (
				A7B1F9F61990BD3200A0CC8E /* Debug */,
				A7B1F9F71990BD3200A0CC8E /* Release */,
			);
			defaultConfigurationIsVisible = 0;
			defaultConfigurationName = Release;
		};
/* End XCConfigurationList section */
	};
	rootObject = A7B1F9B81990BD3100A0CC8E /* Project object */;
}
