// !$*UTF8*$!
{
	archiveVersion = 1;
	classes = {
	};
	objectVersion = 46;
	objects = {

/* Begin PBXBuildFile section */
		A737991C196CDABD005C4F21 /* tessdata in Resources */ = {isa = PBXBuildFile; fileRef = A737991B196CDABD005C4F21 /* tessdata */; };
		A7A02ED2196CD26400B915A6 /* main.m in Sources */ = {isa = PBXBuildFile; fileRef = A7A02ED1196CD26400B915A6 /* main.m */; };
		A7A02ED5196CD26400B915A6 /* AppDelegate.m in Sources */ = {isa = PBXBuildFile; fileRef = A7A02ED4196CD26400B915A6 /* AppDelegate.m */; };
		A7A02ED8196CD26400B915A6 /* ViewController.m in Sources */ = {isa = PBXBuildFile; fileRef = A7A02ED7196CD26400B915A6 /* ViewController.m */; };
		A7A02EDB196CD26400B915A6 /* Main.storyboard in Resources */ = {isa = PBXBuildFile; fileRef = A7A02ED9196CD26400B915A6 /* Main.storyboard */; };
		A7A02EDD196CD26400B915A6 /* Images.xcassets in Resources */ = {isa = PBXBuildFile; fileRef = A7A02EDC196CD26400B915A6 /* Images.xcassets */; };
		A7A02EE9196CD26400B915A6 /* tesseract_sampleTests.m in Sources */ = {isa = PBXBuildFile; fileRef = A7A02EE8196CD26400B915A6 /* tesseract_sampleTests.m */; };
		A7A02EF4196CD33B00B915A6 /* TesseractOCR.framework in Frameworks */ = {isa = PBXBuildFile; fileRef = A7A02EF3196CD33B00B915A6 /* TesseractOCR.framework */; };
		A7A02EF8196CD35300B915A6 /* ocr-sample-japanese.png in Resources */ = {isa = PBXBuildFile; fileRef = A7A02EF6196CD35300B915A6 /* ocr-sample-japanese.png */; };
		A7A02EF9196CD35300B915A6 /* ocr-sample-english.png in Resources */ = {isa = PBXBuildFile; fileRef = A7A02EF7196CD35300B915A6 /* ocr-sample-english.png */; };
		A7A02EFB196CD47F00B915A6 /* libstdc++.6.0.9.dylib in Frameworks */ = {isa = PBXBuildFile; fileRef = A7A02EFA196CD47F00B915A6 /* libstdc++.6.0.9.dylib */; };
/* End PBXBuildFile section */

/* Begin PBXContainerItemProxy section */
		A7A02EE3196CD26400B915A6 /* PBXContainerItemProxy */ = {
			isa = PBXContainerItemProxy;
			containerPortal = A7A02EC4196CD26400B915A6 /* Project object */;
			proxyType = 1;
			remoteGlobalIDString = A7A02ECB196CD26400B915A6;
			remoteInfo = "tesseract-sample";
		};
/* End PBXContainerItemProxy section */

/* Begin PBXFileReference section */
		A737991B196CDABD005C4F21 /* tessdata */ = {isa = PBXFileReference; lastKnownFileType = folder; path = tessdata; sourceTree = "<group>"; };
		A765F49D196CE821009C94AD /* README.md */ = {isa = PBXFileReference; fileEncoding = 4; lastKnownFileType = net.daringfireball.markdown; path = README.md; sourceTree = "<group>"; };
		A765F49F196CE8CE009C94AD /* LICENSE */ = {isa = PBXFileReference; lastKnownFileType = text; path = LICENSE; sourceTree = "<group>"; };
		A7A02ECC196CD26400B915A6 /* tesseract-sample.app */ = {isa = PBXFileReference; explicitFileType = wrapper.application; includeInIndex = 0; path = "tesseract-sample.app"; sourceTree = BUILT_PRODUCTS_DIR; };
		A7A02ED0196CD26400B915A6 /* Info.plist */ = {isa = PBXFileReference; lastKnownFileType = text.plist.xml; path = Info.plist; sourceTree = "<group>"; };
		A7A02ED1196CD26400B915A6 /* main.m */ = {isa = PBXFileReference; lastKnownFileType = sourcecode.c.objc; path = main.m; sourceTree = "<group>"; };
		A7A02ED3196CD26400B915A6 /* AppDelegate.h */ = {isa = PBXFileReference; lastKnownFileType = sourcecode.c.h; path = AppDelegate.h; sourceTree = "<group>"; };
		A7A02ED4196CD26400B915A6 /* AppDelegate.m */ = {isa = PBXFileReference; lastKnownFileType = sourcecode.c.objc; path = AppDelegate.m; sourceTree = "<group>"; };
		A7A02ED6196CD26400B915A6 /* ViewController.h */ = {isa = PBXFileReference; lastKnownFileType = sourcecode.c.h; path = ViewController.h; sourceTree = "<group>"; };
		A7A02ED7196CD26400B915A6 /* ViewController.m */ = {isa = PBXFileReference; lastKnownFileType = sourcecode.c.objc; path = ViewController.m; sourceTree = "<group>"; };
		A7A02EDA196CD26400B915A6 /* Base */ = {isa = PBXFileReference; lastKnownFileType = file.storyboard; name = Base; path = Base.lproj/Main.storyboard; sourceTree = "<group>"; };
		A7A02EDC196CD26400B915A6 /* Images.xcassets */ = {isa = PBXFileReference; lastKnownFileType = folder.assetcatalog; path = Images.xcassets; sourceTree = "<group>"; };
		A7A02EE2196CD26400B915A6 /* tesseract-sampleTests.xctest */ = {isa = PBXFileReference; explicitFileType = wrapper.cfbundle; includeInIndex = 0; path = "tesseract-sampleTests.xctest"; sourceTree = BUILT_PRODUCTS_DIR; };
		A7A02EE7196CD26400B915A6 /* Info.plist */ = {isa = PBXFileReference; lastKnownFileType = text.plist.xml; path = Info.plist; sourceTree = "<group>"; };
		A7A02EE8196CD26400B915A6 /* tesseract_sampleTests.m */ = {isa = PBXFileReference; lastKnownFileType = sourcecode.c.objc; path = tesseract_sampleTests.m; sourceTree = "<group>"; };
		A7A02EF3196CD33B00B915A6 /* TesseractOCR.framework */ = {isa = PBXFileReference; lastKnownFileType = wrapper.framework; path = TesseractOCR.framework; sourceTree = "<group>"; };
		A7A02EF6196CD35300B915A6 /* ocr-sample-japanese.png */ = {isa = PBXFileReference; lastKnownFileType = image.png; path = "ocr-sample-japanese.png"; sourceTree = "<group>"; };
		A7A02EF7196CD35300B915A6 /* ocr-sample-english.png */ = {isa = PBXFileReference; lastKnownFileType = image.png; path = "ocr-sample-english.png"; sourceTree = "<group>"; };
		A7A02EFA196CD47F00B915A6 /* libstdc++.6.0.9.dylib */ = {isa = PBXFileReference; lastKnownFileType = "compiled.mach-o.dylib"; name = "libstdc++.6.0.9.dylib"; path = "usr/lib/libstdc++.6.0.9.dylib"; sourceTree = SDKROOT; };
/* End PBXFileReference section */

/* Begin PBXFrameworksBuildPhase section */
		A7A02EC9196CD26400B915A6 /* Frameworks */ = {
			isa = PBXFrameworksBuildPhase;
			buildActionMask = 2147483647;
			files = (
				A7A02EFB196CD47F00B915A6 /* libstdc++.6.0.9.dylib in Frameworks */,
				A7A02EF4196CD33B00B915A6 /* TesseractOCR.framework in Frameworks */,
			);
			runOnlyForDeploymentPostprocessing = 0;
		};
		A7A02EDF196CD26400B915A6 /* Frameworks */ = {
			isa = PBXFrameworksBuildPhase;
			buildActionMask = 2147483647;
			files = (
			);
			runOnlyForDeploymentPostprocessing = 0;
		};
/* End PBXFrameworksBuildPhase section */

/* Begin PBXGroup section */
		A7A02EC3196CD26400B915A6 = {
			isa = PBXGroup;
			children = (
				A765F49D196CE821009C94AD /* README.md */,
				A765F49F196CE8CE009C94AD /* LICENSE */,
				A7A02ECE196CD26400B915A6 /* tesseract-sample */,
				A7A02EE5196CD26400B915A6 /* tesseract-sampleTests */,
				A7A02EF2196CD31200B915A6 /* Frameworks */,
				A7A02ECD196CD26400B915A6 /* Products */,
			);
			sourceTree = "<group>";
		};
		A7A02ECD196CD26400B915A6 /* Products */ = {
			isa = PBXGroup;
			children = (
				A7A02ECC196CD26400B915A6 /* tesseract-sample.app */,
				A7A02EE2196CD26400B915A6 /* tesseract-sampleTests.xctest */,
			);
			name = Products;
			sourceTree = "<group>";
		};
		A7A02ECE196CD26400B915A6 /* tesseract-sample */ = {
			isa = PBXGroup;
			children = (
				A7A02ED3196CD26400B915A6 /* AppDelegate.h */,
				A7A02ED4196CD26400B915A6 /* AppDelegate.m */,
				A7A02ED6196CD26400B915A6 /* ViewController.h */,
				A7A02ED7196CD26400B915A6 /* ViewController.m */,
				A7A02ED9196CD26400B915A6 /* Main.storyboard */,
				A7A02EDC196CD26400B915A6 /* Images.xcassets */,
				A7A02ECF196CD26400B915A6 /* Supporting Files */,
				A7A02EF5196CD35300B915A6 /* Resources */,
				A737991B196CDABD005C4F21 /* tessdata */,
			);
			path = "tesseract-sample";
			sourceTree = "<group>";
		};
		A7A02ECF196CD26400B915A6 /* Supporting Files */ = {
			isa = PBXGroup;
			children = (
				A7A02ED0196CD26400B915A6 /* Info.plist */,
				A7A02ED1196CD26400B915A6 /* main.m */,
			);
			name = "Supporting Files";
			sourceTree = "<group>";
		};
		A7A02EE5196CD26400B915A6 /* tesseract-sampleTests */ = {
			isa = PBXGroup;
			children = (
				A7A02EE8196CD26400B915A6 /* tesseract_sampleTests.m */,
				A7A02EE6196CD26400B915A6 /* Supporting Files */,
			);
			path = "tesseract-sampleTests";
			sourceTree = "<group>";
		};
		A7A02EE6196CD26400B915A6 /* Supporting Files */ = {
			isa = PBXGroup;
			children = (
				A7A02EE7196CD26400B915A6 /* Info.plist */,
			);
			name = "Supporting Files";
			sourceTree = "<group>";
		};
		A7A02EF2196CD31200B915A6 /* Frameworks */ = {
			isa = PBXGroup;
			children = (
				A7A02EFA196CD47F00B915A6 /* libstdc++.6.0.9.dylib */,
				A7A02EF3196CD33B00B915A6 /* TesseractOCR.framework */,
			);
			name = Frameworks;
			sourceTree = "<group>";
		};
		A7A02EF5196CD35300B915A6 /* Resources */ = {
			isa = PBXGroup;
			children = (
				A7A02EF6196CD35300B915A6 /* ocr-sample-japanese.png */,
				A7A02EF7196CD35300B915A6 /* ocr-sample-english.png */,
			);
			path = Resources;
			sourceTree = "<group>";
		};
/* End PBXGroup section */

/* Begin PBXNativeTarget section */
		A7A02ECB196CD26400B915A6 /* tesseract-sample */ = {
			isa = PBXNativeTarget;
			buildConfigurationList = A7A02EEC196CD26400B915A6 /* Build configuration list for PBXNativeTarget "tesseract-sample" */;
			buildPhases = (
				A7A02EC8196CD26400B915A6 /* Sources */,
				A7A02EC9196CD26400B915A6 /* Frameworks */,
				A7A02ECA196CD26400B915A6 /* Resources */,
			);
			buildRules = (
			);
			dependencies = (
			);
			name = "tesseract-sample";
			productName = "tesseract-sample";
			productReference = A7A02ECC196CD26400B915A6 /* tesseract-sample.app */;
			productType = "com.apple.product-type.application";
		};
		A7A02EE1196CD26400B915A6 /* tesseract-sampleTests */ = {
			isa = PBXNativeTarget;
			buildConfigurationList = A7A02EEF196CD26400B915A6 /* Build configuration list for PBXNativeTarget "tesseract-sampleTests" */;
			buildPhases = (
				A7A02EDE196CD26400B915A6 /* Sources */,
				A7A02EDF196CD26400B915A6 /* Frameworks */,
				A7A02EE0196CD26400B915A6 /* Resources */,
			);
			buildRules = (
			);
			dependencies = (
				A7A02EE4196CD26400B915A6 /* PBXTargetDependency */,
			);
			name = "tesseract-sampleTests";
			productName = "tesseract-sampleTests";
			productReference = A7A02EE2196CD26400B915A6 /* tesseract-sampleTests.xctest */;
			productType = "com.apple.product-type.bundle.unit-test";
		};
/* End PBXNativeTarget section */

/* Begin PBXProject section */
		A7A02EC4196CD26400B915A6 /* Project object */ = {
			isa = PBXProject;
			attributes = {
				LastUpgradeCheck = 0600;
				ORGANIZATIONNAME = ITI;
				TargetAttributes = {
					A7A02ECB196CD26400B915A6 = {
						CreatedOnToolsVersion = 6.0;
					};
					A7A02EE1196CD26400B915A6 = {
						CreatedOnToolsVersion = 6.0;
						TestTargetID = A7A02ECB196CD26400B915A6;
					};
				};
			};
			buildConfigurationList = A7A02EC7196CD26400B915A6 /* Build configuration list for PBXProject "tesseract-sample" */;
			compatibilityVersion = "Xcode 3.2";
			developmentRegion = English;
			hasScannedForEncodings = 0;
			knownRegions = (
				en,
				Base,
			);
			mainGroup = A7A02EC3196CD26400B915A6;
			productRefGroup = A7A02ECD196CD26400B915A6 /* Products */;
			projectDirPath = "";
			projectRoot = "";
			targets = (
				A7A02ECB196CD26400B915A6 /* tesseract-sample */,
				A7A02EE1196CD26400B915A6 /* tesseract-sampleTests */,
			);
		};
/* End PBXProject section */

/* Begin PBXResourcesBuildPhase section */
		A7A02ECA196CD26400B915A6 /* Resources */ = {
			isa = PBXResourcesBuildPhase;
			buildActionMask = 2147483647;
			files = (
				A7A02EDB196CD26400B915A6 /* Main.storyboard in Resources */,
				A7A02EF9196CD35300B915A6 /* ocr-sample-english.png in Resources */,
				A737991C196CDABD005C4F21 /* tessdata in Resources */,
				A7A02EDD196CD26400B915A6 /* Images.xcassets in Resources */,
				A7A02EF8196CD35300B915A6 /* ocr-sample-japanese.png in Resources */,
			);
			runOnlyForDeploymentPostprocessing = 0;
		};
		A7A02EE0196CD26400B915A6 /* Resources */ = {
			isa = PBXResourcesBuildPhase;
			buildActionMask = 2147483647;
			files = (
			);
			runOnlyForDeploymentPostprocessing = 0;
		};
/* End PBXResourcesBuildPhase section */

/* Begin PBXSourcesBuildPhase section */
		A7A02EC8196CD26400B915A6 /* Sources */ = {
			isa = PBXSourcesBuildPhase;
			buildActionMask = 2147483647;
			files = (
				A7A02ED8196CD26400B915A6 /* ViewController.m in Sources */,
				A7A02ED5196CD26400B915A6 /* AppDelegate.m in Sources */,
				A7A02ED2196CD26400B915A6 /* main.m in Sources */,
			);
			runOnlyForDeploymentPostprocessing = 0;
		};
		A7A02EDE196CD26400B915A6 /* Sources */ = {
			isa = PBXSourcesBuildPhase;
			buildActionMask = 2147483647;
			files = (
				A7A02EE9196CD26400B915A6 /* tesseract_sampleTests.m in Sources */,
			);
			runOnlyForDeploymentPostprocessing = 0;
		};
/* End PBXSourcesBuildPhase section */

/* Begin PBXTargetDependency section */
		A7A02EE4196CD26400B915A6 /* PBXTargetDependency */ = {
			isa = PBXTargetDependency;
			target = A7A02ECB196CD26400B915A6 /* tesseract-sample */;
			targetProxy = A7A02EE3196CD26400B915A6 /* PBXContainerItemProxy */;
		};
/* End PBXTargetDependency section */

/* Begin PBXVariantGroup section */
		A7A02ED9196CD26400B915A6 /* Main.storyboard */ = {
			isa = PBXVariantGroup;
			children = (
				A7A02EDA196CD26400B915A6 /* Base */,
			);
			name = Main.storyboard;
			sourceTree = "<group>";
		};
/* End PBXVariantGroup section */

/* Begin XCBuildConfiguration section */
		A7A02EEA196CD26400B915A6 /* Debug */ = {
			isa = XCBuildConfiguration;
			buildSettings = {
				ALWAYS_SEARCH_USER_PATHS = NO;
				CLANG_CXX_LANGUAGE_STANDARD = "gnu++0x";
				CLANG_CXX_LIBRARY = "libc++";
				CLANG_ENABLE_MODULES = YES;
				CLANG_ENABLE_OBJC_ARC = YES;
				CLANG_WARN_BOOL_CONVERSION = YES;
				CLANG_WARN_CONSTANT_CONVERSION = YES;
				CLANG_WARN_DIRECT_OBJC_ISA_USAGE = YES_ERROR;
				CLANG_WARN_EMPTY_BODY = YES;
				CLANG_WARN_ENUM_CONVERSION = YES;
				CLANG_WARN_INT_CONVERSION = YES;
				CLANG_WARN_OBJC_ROOT_CLASS = YES_ERROR;
				CLANG_WARN_UNREACHABLE_CODE = YES;
				CLANG_WARN__DUPLICATE_METHOD_MATCH = YES;
				"CODE_SIGN_IDENTITY[sdk=iphoneos*]" = "iPhone Developer";
				COPY_PHASE_STRIP = NO;
				ENABLE_STRICT_OBJC_MSGSEND = YES;
				GCC_C_LANGUAGE_STANDARD = gnu99;
				GCC_DYNAMIC_NO_PIC = NO;
				GCC_OPTIMIZATION_LEVEL = 0;
				GCC_PREPROCESSOR_DEFINITIONS = (
					"DEBUG=1",
					"$(inherited)",
				);
				GCC_SYMBOLS_PRIVATE_EXTERN = NO;
				GCC_WARN_64_TO_32_BIT_CONVERSION = YES;
				GCC_WARN_ABOUT_RETURN_TYPE = YES_ERROR;
				GCC_WARN_UNDECLARED_SELECTOR = YES;
				GCC_WARN_UNINITIALIZED_AUTOS = YES_AGGRESSIVE;
				GCC_WARN_UNUSED_FUNCTION = YES;
				GCC_WARN_UNUSED_VARIABLE = YES;
				IPHONEOS_DEPLOYMENT_TARGET = 8.0;
				METAL_ENABLE_DEBUG_INFO = YES;
				ONLY_ACTIVE_ARCH = YES;
				SDKROOT = iphoneos;
				TARGETED_DEVICE_FAMILY = 2;
			};
			name = Debug;
		};
		A7A02EEB196CD26400B915A6 /* Release */ = {
			isa = XCBuildConfiguration;
			buildSettings = {
				ALWAYS_SEARCH_USER_PATHS = NO;
				CLANG_CXX_LANGUAGE_STANDARD = "gnu++0x";
				CLANG_CXX_LIBRARY = "libc++";
				CLANG_ENABLE_MODULES = YES;
				CLANG_ENABLE_OBJC_ARC = YES;
				CLANG_WARN_BOOL_CONVERSION = YES;
				CLANG_WARN_CONSTANT_CONVERSION = YES;
				CLANG_WARN_DIRECT_OBJC_ISA_USAGE = YES_ERROR;
				CLANG_WARN_EMPTY_BODY = YES;
				CLANG_WARN_ENUM_CONVERSION = YES;
				CLANG_WARN_INT_CONVERSION = YES;
				CLANG_WARN_OBJC_ROOT_CLASS = YES_ERROR;
				CLANG_WARN_UNREACHABLE_CODE = YES;
				CLANG_WARN__DUPLICATE_METHOD_MATCH = YES;
				"CODE_SIGN_IDENTITY[sdk=iphoneos*]" = "iPhone Developer";
				COPY_PHASE_STRIP = YES;
				ENABLE_NS_ASSERTIONS = NO;
				ENABLE_STRICT_OBJC_MSGSEND = YES;
				GCC_C_LANGUAGE_STANDARD = gnu99;
				GCC_WARN_64_TO_32_BIT_CONVERSION = YES;
				GCC_WARN_ABOUT_RETURN_TYPE = YES_ERROR;
				GCC_WARN_UNDECLARED_SELECTOR = YES;
				GCC_WARN_UNINITIALIZED_AUTOS = YES_AGGRESSIVE;
				GCC_WARN_UNUSED_FUNCTION = YES;
				GCC_WARN_UNUSED_VARIABLE = YES;
				IPHONEOS_DEPLOYMENT_TARGET = 8.0;
				METAL_ENABLE_DEBUG_INFO = NO;
				SDKROOT = iphoneos;
				TARGETED_DEVICE_FAMILY = 2;
				VALIDATE_PRODUCT = YES;
			};
			name = Release;
		};
		A7A02EED196CD26400B915A6 /* Debug */ = {
			isa = XCBuildConfiguration;
			buildSettings = {
				ASSETCATALOG_COMPILER_APPICON_NAME = AppIcon;
				ASSETCATALOG_COMPILER_LAUNCHIMAGE_NAME = LaunchImage;
				CLANG_CXX_LIBRARY = "compiler-default";
				FRAMEWORK_SEARCH_PATHS = (
					"$(inherited)",
					"$(PROJECT_DIR)",
				);
				INFOPLIST_FILE = "tesseract-sample/Info.plist";
				IPHONEOS_DEPLOYMENT_TARGET = 7.0;
				LD_RUNPATH_SEARCH_PATHS = "$(inherited) @executable_path/Frameworks";
				OTHER_LDFLAGS = "-lstdc++";
				PRODUCT_NAME = "$(TARGET_NAME)";
			};
			name = Debug;
		};
		A7A02EEE196CD26400B915A6 /* Release */ = {
			isa = XCBuildConfiguration;
			buildSettings = {
				ASSETCATALOG_COMPILER_APPICON_NAME = AppIcon;
				ASSETCATALOG_COMPILER_LAUNCHIMAGE_NAME = LaunchImage;
				CLANG_CXX_LIBRARY = "compiler-default";
				FRAMEWORK_SEARCH_PATHS = (
					"$(inherited)",
					"$(PROJECT_DIR)",
				);
				INFOPLIST_FILE = "tesseract-sample/Info.plist";
				IPHONEOS_DEPLOYMENT_TARGET = 7.0;
				LD_RUNPATH_SEARCH_PATHS = "$(inherited) @executable_path/Frameworks";
				OTHER_LDFLAGS = "-lstdc++";
				PRODUCT_NAME = "$(TARGET_NAME)";
			};
			name = Release;
		};
		A7A02EF0196CD26400B915A6 /* Debug */ = {
			isa = XCBuildConfiguration;
			buildSettings = {
				BUNDLE_LOADER = "$(BUILT_PRODUCTS_DIR)/tesseract-sample.app/tesseract-sample";
				FRAMEWORK_SEARCH_PATHS = (
					"$(SDKROOT)/Developer/Library/Frameworks",
					"$(inherited)",
				);
				GCC_PREPROCESSOR_DEFINITIONS = (
					"DEBUG=1",
					"$(inherited)",
				);
				INFOPLIST_FILE = "tesseract-sampleTests/Info.plist";
				LD_RUNPATH_SEARCH_PATHS = "$(inherited) @executable_path/Frameworks @loader_path/Frameworks";
				METAL_ENABLE_DEBUG_INFO = YES;
				PRODUCT_NAME = "$(TARGET_NAME)";
				TEST_HOST = "$(BUNDLE_LOADER)";
			};
			name = Debug;
		};
		A7A02EF1196CD26400B915A6 /* Release */ = {
			isa = XCBuildConfiguration;
			buildSettings = {
				BUNDLE_LOADER = "$(BUILT_PRODUCTS_DIR)/tesseract-sample.app/tesseract-sample";
				FRAMEWORK_SEARCH_PATHS = (
					"$(SDKROOT)/Developer/Library/Frameworks",
					"$(inherited)",
				);
				INFOPLIST_FILE = "tesseract-sampleTests/Info.plist";
				LD_RUNPATH_SEARCH_PATHS = "$(inherited) @executable_path/Frameworks @loader_path/Frameworks";
				METAL_ENABLE_DEBUG_INFO = NO;
				PRODUCT_NAME = "$(TARGET_NAME)";
				TEST_HOST = "$(BUNDLE_LOADER)";
			};
			name = Release;
		};
/* End XCBuildConfiguration section */

/* Begin XCConfigurationList section */
		A7A02EC7196CD26400B915A6 /* Build configuration list for PBXProject "tesseract-sample" */ = {
			isa = XCConfigurationList;
			buildConfigurations = (
				A7A02EEA196CD26400B915A6 /* Debug */,
				A7A02EEB196CD26400B915A6 /* Release */,
			);
			defaultConfigurationIsVisible = 0;
			defaultConfigurationName = Release;
		};
		A7A02EEC196CD26400B915A6 /* Build configuration list for PBXNativeTarget "tesseract-sample" */ = {
			isa = XCConfigurationList;
			buildConfigurations = (
				A7A02EED196CD26400B915A6 /* Debug */,
				A7A02EEE196CD26400B915A6 /* Release */,
			);
			defaultConfigurationIsVisible = 0;
			defaultConfigurationName = Release;
		};
		A7A02EEF196CD26400B915A6 /* Build configuration list for PBXNativeTarget "tesseract-sampleTests" */ = {
			isa = XCConfigurationList;
			buildConfigurations = (
				A7A02EF0196CD26400B915A6 /* Debug */,
				A7A02EF1196CD26400B915A6 /* Release */,
			);
			defaultConfigurationIsVisible = 0;
			defaultConfigurationName = Release;
		};
/* End XCConfigurationList section */
	};
	rootObject = A7A02EC4196CD26400B915A6 /* Project object */;
}
